
Microsoft Visual Studio Solution File, Format Version 12.00
# Visual Studio 15
VisualStudioVersion = 15.0.28307.1500
MinimumVisualStudioVersion = 10.0.40219.1
Project("{FAE04EC0-301F-11D3-BF4B-00C04F79EFBC}") = "Exer_Fixacao_Enum_Composicao", "Exer_Fixacao_Enum_Composicao\Exer_Fixacao_Enum_Composicao.csproj", "{DEE30927-3370-4149-8F84-93F9849BDA81}"
EndProject
Global
	GlobalSection(SolutionConfigurationPlatforms) = preSolution
		Debug|Any CPU = Debug|Any CPU
		Release|Any CPU = Release|Any CPU
	EndGlobalSection
	GlobalSection(ProjectConfigurationPlatforms) = postSolution
		{DEE30927-3370-4149-8F84-93F9849BDA81}.Debug|Any CPU.ActiveCfg = Debug|Any CPU
		{DEE30927-3370-4149-8F84-93F9849BDA81}.Debug|Any CPU.Build.0 = Debug|Any CPU
		{DEE30927-3370-4149-8F84-93F9849BDA81}.Release|Any CPU.ActiveCfg = Release|Any CPU
		{DEE30927-3370-4149-8F84-93F9849BDA81}.Release|Any CPU.Build.0 = Release|Any CPU
	EndGlobalSection
	GlobalSection(SolutionProperties) = preSolution
		HideSolutionNode = FALSE
	EndGlobalSection
	GlobalSection(ExtensibilityGlobals) = postSolution
		SolutionGuid = {F5FE8F86-F912-4F21-8A58-D7624E6406C9}
	EndGlobalSection
EndGlobal
